
Microsoft Visual Studio Solution File, Format Version 12.00
# Visual Studio Version 16
VisualStudioVersion = 16.0.29519.87
MinimumVisualStudioVersion = 10.0.40219.1
Project("{FAE04EC0-301F-11D3-BF4B-00C04F79EFBC}") = "EcoRodovias", "EcoRodovias.csproj", "{F444898C-4D85-4B46-B77B-1AABF1355EBF}"
EndProject
Global
	GlobalSection(SolutionConfigurationPlatforms) = preSolution
		Debug|Any CPU = Debug|Any CPU
		Release|Any CPU = Release|Any CPU
	EndGlobalSection
	GlobalSection(ProjectConfigurationPlatforms) = postSolution
		{F444898C-4D85-4B46-B77B-1AABF1355EBF}.Debug|Any CPU.ActiveCfg = Debug|Any CPU
		{F444898C-4D85-4B46-B77B-1AABF1355EBF}.Debug|Any CPU.Build.0 = Debug|Any CPU
		{F444898C-4D85-4B46-B77B-1AABF1355EBF}.Release|Any CPU.ActiveCfg = Release|Any CPU
		{F444898C-4D85-4B46-B77B-1AABF1355EBF}.Release|Any CPU.Build.0 = Release|Any CPU
	EndGlobalSection
	GlobalSection(SolutionProperties) = preSolution
		HideSolutionNode = FALSE
	EndGlobalSection
	GlobalSection(ExtensibilityGlobals) = postSolution
		SolutionGuid = {B0C93FA7-E433-45B5-9A6C-9E444CECAEED}
	EndGlobalSection
EndGlobal
